
Microsoft Visual Studio Solution File, Format Version 12.00
# Visual Studio Version 16
VisualStudioVersion = 16.0.30621.155
MinimumVisualStudioVersion = 10.0.40219.1
Project("{FAE04EC0-301F-11D3-BF4B-00C04F79EFBC}") = "PIS_Vjezba1", "PIS_Vjezba1.csproj", "{BF34AF0D-5B8F-400B-A7CF-859251FC1E5E}"
EndProject
Global
	GlobalSection(SolutionConfigurationPlatforms) = preSolution
		Debug|Any CPU = Debug|Any CPU
		Release|Any CPU = Release|Any CPU
	EndGlobalSection
	GlobalSection(ProjectConfigurationPlatforms) = postSolution
		{BF34AF0D-5B8F-400B-A7CF-859251FC1E5E}.Debug|Any CPU.ActiveCfg = Debug|Any CPU
		{BF34AF0D-5B8F-400B-A7CF-859251FC1E5E}.Debug|Any CPU.Build.0 = Debug|Any CPU
		{BF34AF0D-5B8F-400B-A7CF-859251FC1E5E}.Release|Any CPU.ActiveCfg = Release|Any CPU
		{BF34AF0D-5B8F-400B-A7CF-859251FC1E5E}.Release|Any CPU.Build.0 = Release|Any CPU
	EndGlobalSection
	GlobalSection(SolutionProperties) = preSolution
		HideSolutionNode = FALSE
	EndGlobalSection
	GlobalSection(ExtensibilityGlobals) = postSolution
		SolutionGuid = {E6885B85-021E-41B4-9C75-31748C433B6C}
	EndGlobalSection
EndGlobal
